PODS:
  - MobileVLCKit (2.2.2)
  - ONVIFCamera (1.1.6)

DEPENDENCIES:
  - MobileVLCKit
  - ONVIFCamera (from `../`)

EXTERNAL SOURCES:
  ONVIFCamera:
    :path: ../

SPEC CHECKSUMS:
  MobileVLCKit: 75c2c36b0e3478c3f18cac3a2e7fa127cda0ff92
  ONVIFCamera: 8d20448370fadeb53c070219126ee658ee8b0101

PODFILE CHECKSUM: 8aa4a362cfccc82d7ac2db9cbffcf91774f582b5

COCOAPODS: 1.4.0
