// !$*UTF8*$!
{
	archiveVersion = 1;
	classes = {
	};
	objectVersion = 46;
	objects = {

/* Begin PBXBuildFile section */
		30A2B0239BFE62803AE21029 /* Pods_ONVIFCamera_Example.framework in Frameworks */ = {isa = PBXBuildFile; fileRef = C40478609C81258C03D93B41 /* Pods_ONVIFCamera_Example.framework */; };
		607FACD61AFB9204008FA782 /* AppDelegate.swift in Sources */ = {isa = PBXBuildFile; fileRef = 607FACD51AFB9204008FA782 /* AppDelegate.swift */; };
		607FACD81AFB9204008FA782 /* FormViewController.swift in Sources */ = {isa = PBXBuildFile; fileRef = 607FACD71AFB9204008FA782 /* FormViewController.swift */; };
		607FACDB1AFB9204008FA782 /* Main.storyboard in Resources */ = {isa = PBXBuildFile; fileRef = 607FACD91AFB9204008FA782 /* Main.storyboard */; };
		607FACDD1AFB9204008FA782 /* Images.xcassets in Resources */ = {isa = PBXBuildFile; fileRef = 607FACDC1AFB9204008FA782 /* Images.xcassets */; };
		607FACE01AFB9204008FA782 /* LaunchScreen.xib in Resources */ = {isa = PBXBuildFile; fileRef = 607FACDE1AFB9204008FA782 /* LaunchScreen.xib */; };
		607FACEC1AFB9204008FA782 /* Tests.swift in Sources */ = {isa = PBXBuildFile; fileRef = 607FACEB1AFB9204008FA782 /* Tests.swift */; };
		A344EAE62934845AF93B9D1B /* Pods_ONVICamera_TVOS_Example.framework in Frameworks */ = {isa = PBXBuildFile; fileRef = 23F3C59C165C0BFFEB671A81 /* Pods_ONVICamera_TVOS_Example.framework */; };
		AD84E1BE200F69B400D4785F /* StreamViewController.swift in Sources */ = {isa = PBXBuildFile; fileRef = AD84E1BD200F69B400D4785F /* StreamViewController.swift */; };
		AD84E1C4200F741D00D4785F /* forVLCLink.mm in Sources */ = {isa = PBXBuildFile; fileRef = AD84E1C3200F741D00D4785F /* forVLCLink.mm */; };
		ADDB036A200FD279004D0083 /* Config.swift in Sources */ = {isa = PBXBuildFile; fileRef = ADDB0369200FD279004D0083 /* Config.swift */; };
		D9002F67FD5F1FE265BDFB48 /* Pods_ONVIFCamera_Tests.framework in Frameworks */ = {isa = PBXBuildFile; fileRef = 4EF851550C169EF5E9BFAB94 /* Pods_ONVIFCamera_Tests.framework */; };
		EB695C2F20CA8D7E004817B8 /* UIView+AlertExtension.swift in Sources */ = {isa = PBXBuildFile; fileRef = EB695C2E20CA8D7E004817B8 /* UIView+AlertExtension.swift */; };
		EB695C3020CA8D7E004817B8 /* UIView+AlertExtension.swift in Sources */ = {isa = PBXBuildFile; fileRef = EB695C2E20CA8D7E004817B8 /* UIView+AlertExtension.swift */; };
		EB94442320C923CD009B24B5 /* StreamViewController.swift in Sources */ = {isa = PBXBuildFile; fileRef = AD84E1BD200F69B400D4785F /* StreamViewController.swift */; };
		EB94442420C92419009B24B5 /* Config.swift in Sources */ = {isa = PBXBuildFile; fileRef = ADDB0369200FD279004D0083 /* Config.swift */; };
		EBAEE72320C8499B00876A10 /* AppDelegate.swift in Sources */ = {isa = PBXBuildFile; fileRef = EBAEE72220C8499B00876A10 /* AppDelegate.swift */; };
		EBAEE72820C8499B00876A10 /* Main.storyboard in Resources */ = {isa = PBXBuildFile; fileRef = EBAEE72620C8499B00876A10 /* Main.storyboard */; };
		EBAEE72A20C8499D00876A10 /* Assets.xcassets in Resources */ = {isa = PBXBuildFile; fileRef = EBAEE72920C8499D00876A10 /* Assets.xcassets */; };
		EBAEE73D20C8F85D00876A10 /* FormViewController.swift in Sources */ = {isa = PBXBuildFile; fileRef = 607FACD71AFB9204008FA782 /* FormViewController.swift */; };
/* End PBXBuildFile section */

/* Begin PBXContainerItemProxy section */
		607FACE61AFB9204008FA782 /* PBXContainerItemProxy */ = {
			isa = PBXContainerItemProxy;
			containerPortal = 607FACC81AFB9204008FA782 /* Project object */;
			proxyType = 1;
			remoteGlobalIDString = 607FACCF1AFB9204008FA782;
			remoteInfo = ONVIFCamera;
		};
		EBAEE71020C8495B00876A10 /* PBXContainerItemProxy */ = {
			isa = PBXContainerItemProxy;
			containerPortal = 607FACC81AFB9204008FA782 /* Project object */;
			proxyType = 1;
			remoteGlobalIDString = EBAEE6FE20C8495900876A10;
			remoteInfo = tvos.tutorial;
		};
		EBAEE73120C8499D00876A10 /* PBXContainerItemProxy */ = {
			isa = PBXContainerItemProxy;
			containerPortal = 607FACC81AFB9204008FA782 /* Project object */;
			proxyType = 1;
			remoteGlobalIDString = EBAEE71F20C8499B00876A10;
			remoteInfo = ONVICamera_TVOS_Example;
		};
/* End PBXContainerItemProxy section */

/* Begin PBXFileReference section */
		0FC8F6C61A554AA1B6284B86 /* README.md */ = {isa = PBXFileReference; includeInIndex = 1; lastKnownFileType = net.daringfireball.markdown; name = README.md; path = ../README.md; sourceTree = "<group>"; };
		23F3C59C165C0BFFEB671A81 /* Pods_ONVICamera_TVOS_Example.framework */ = {isa = PBXFileReference; explicitFileType = wrapper.framework; includeInIndex = 0; path = Pods_ONVICamera_TVOS_Example.framework; sourceTree = BUILT_PRODUCTS_DIR; };
		3407D67737188173A1531498 /* Pods-ONVIFCamera_Example.debug.xcconfig */ = {isa = PBXFileReference; includeInIndex = 1; lastKnownFileType = text.xcconfig; name = "Pods-ONVIFCamera_Example.debug.xcconfig"; path = "Pods/Target Support Files/Pods-ONVIFCamera_Example/Pods-ONVIFCamera_Example.debug.xcconfig"; sourceTree = "<group>"; };
		4EF851550C169EF5E9BFAB94 /* Pods_ONVIFCamera_Tests.framework */ = {isa = PBXFileReference; explicitFileType = wrapper.framework; includeInIndex = 0; path = Pods_ONVIFCamera_Tests.framework; sourceTree = BUILT_PRODUCTS_DIR; };
		53349712891A66C719C4FBA3 /* Pods-ONVICamera_TVOS_Example.release.xcconfig */ = {isa = PBXFileReference; includeInIndex = 1; lastKnownFileType = text.xcconfig; name = "Pods-ONVICamera_TVOS_Example.release.xcconfig"; path = "Pods/Target Support Files/Pods-ONVICamera_TVOS_Example/Pods-ONVICamera_TVOS_Example.release.xcconfig"; sourceTree = "<group>"; };
		607FACD01AFB9204008FA782 /* ONVIFCamera_Example.app */ = {isa = PBXFileReference; explicitFileType = wrapper.application; includeInIndex = 0; path = ONVIFCamera_Example.app; sourceTree = BUILT_PRODUCTS_DIR; };
		607FACD41AFB9204008FA782 /* Info.plist */ = {isa = PBXFileReference; lastKnownFileType = text.plist.xml; path = Info.plist; sourceTree = "<group>"; };
		607FACD51AFB9204008FA782 /* AppDelegate.swift */ = {isa = PBXFileReference; lastKnownFileType = sourcecode.swift; path = AppDelegate.swift; sourceTree = "<group>"; };
		607FACD71AFB9204008FA782 /* FormViewController.swift */ = {isa = PBXFileReference; lastKnownFileType = sourcecode.swift; path = FormViewController.swift; sourceTree = "<group>"; };
		607FACDA1AFB9204008FA782 /* Base */ = {isa = PBXFileReference; lastKnownFileType = file.storyboard; name = Base; path = Base.lproj/Main.storyboard; sourceTree = "<group>"; };
		607FACDC1AFB9204008FA782 /* Images.xcassets */ = {isa = PBXFileReference; lastKnownFileType = folder.assetcatalog; path = Images.xcassets; sourceTree = "<group>"; };
		607FACDF1AFB9204008FA782 /* Base */ = {isa = PBXFileReference; lastKnownFileType = file.xib; name = Base; path = Base.lproj/LaunchScreen.xib; sourceTree = "<group>"; };
		607FACE51AFB9204008FA782 /* ONVIFCamera_Tests.xctest */ = {isa = PBXFileReference; explicitFileType = wrapper.cfbundle; includeInIndex = 0; path = ONVIFCamera_Tests.xctest; sourceTree = BUILT_PRODUCTS_DIR; };
		607FACEA1AFB9204008FA782 /* Info.plist */ = {isa = PBXFileReference; lastKnownFileType = text.plist.xml; path = Info.plist; sourceTree = "<group>"; };
		607FACEB1AFB9204008FA782 /* Tests.swift */ = {isa = PBXFileReference; lastKnownFileType = sourcecode.swift; path = Tests.swift; sourceTree = "<group>"; };
		8BD1ACE73DBAB5416E945EB9 /* Pods-ONVIFCamera_Tests.release.xcconfig */ = {isa = PBXFileReference; includeInIndex = 1; lastKnownFileType = text.xcconfig; name = "Pods-ONVIFCamera_Tests.release.xcconfig"; path = "Pods/Target Support Files/Pods-ONVIFCamera_Tests/Pods-ONVIFCamera_Tests.release.xcconfig"; sourceTree = "<group>"; };
		AD84E1BD200F69B400D4785F /* StreamViewController.swift */ = {isa = PBXFileReference; lastKnownFileType = sourcecode.swift; path = StreamViewController.swift; sourceTree = "<group>"; };
		AD84E1BF200F73DF00D4785F /* ONVIFCamera_Example-Bridging-Header.h */ = {isa = PBXFileReference; lastKnownFileType = sourcecode.c.h; path = "ONVIFCamera_Example-Bridging-Header.h"; sourceTree = "<group>"; };
		AD84E1C3200F741D00D4785F /* forVLCLink.mm */ = {isa = PBXFileReference; lastKnownFileType = sourcecode.cpp.objcpp; path = forVLCLink.mm; sourceTree = "<group>"; };
		ADDB0369200FD279004D0083 /* Config.swift */ = {isa = PBXFileReference; lastKnownFileType = sourcecode.swift; path = Config.swift; sourceTree = "<group>"; };
		B033E7F424E969D622685463 /* Pods-ONVICamera_TVOS_Example.debug.xcconfig */ = {isa = PBXFileReference; includeInIndex = 1; lastKnownFileType = text.xcconfig; name = "Pods-ONVICamera_TVOS_Example.debug.xcconfig"; path = "Pods/Target Support Files/Pods-ONVICamera_TVOS_Example/Pods-ONVICamera_TVOS_Example.debug.xcconfig"; sourceTree = "<group>"; };
		C40478609C81258C03D93B41 /* Pods_ONVIFCamera_Example.framework */ = {isa = PBXFileReference; explicitFileType = wrapper.framework; includeInIndex = 0; path = Pods_ONVIFCamera_Example.framework; sourceTree = BUILT_PRODUCTS_DIR; };
		C4E8399FE90470FB3750A422 /* Pods-ONVIFCamera_Tests.debug.xcconfig */ = {isa = PBXFileReference; includeInIndex = 1; lastKnownFileType = text.xcconfig; name = "Pods-ONVIFCamera_Tests.debug.xcconfig"; path = "Pods/Target Support Files/Pods-ONVIFCamera_Tests/Pods-ONVIFCamera_Tests.debug.xcconfig"; sourceTree = "<group>"; };
		C86266DC7D8C231B6A81E3C3 /* ONVIFCamera.podspec */ = {isa = PBXFileReference; includeInIndex = 1; lastKnownFileType = text; name = ONVIFCamera.podspec; path = ../ONVIFCamera.podspec; sourceTree = "<group>"; xcLanguageSpecificationIdentifier = xcode.lang.ruby; };
		C97A55F13607BB34A40FCC3E /* LICENSE */ = {isa = PBXFileReference; includeInIndex = 1; lastKnownFileType = text; name = LICENSE; path = ../LICENSE; sourceTree = "<group>"; };
		EB695C2E20CA8D7E004817B8 /* UIView+AlertExtension.swift */ = {isa = PBXFileReference; lastKnownFileType = sourcecode.swift; path = "UIView+AlertExtension.swift"; sourceTree = "<group>"; };
		EB94441E20C9237A009B24B5 /* ONVICamera_TVOS_Example-Bridging-Header.h */ = {isa = PBXFileReference; lastKnownFileType = sourcecode.c.h; path = "ONVICamera_TVOS_Example-Bridging-Header.h"; sourceTree = "<group>"; };
		EBAEE6FF20C8495900876A10 /* tvos.tutorial.app */ = {isa = PBXFileReference; explicitFileType = wrapper.application; includeInIndex = 0; path = tvos.tutorial.app; sourceTree = BUILT_PRODUCTS_DIR; };
		EBAEE70F20C8495B00876A10 /* tvos.tutorialTests.xctest */ = {isa = PBXFileReference; explicitFileType = wrapper.cfbundle; includeInIndex = 0; path = tvos.tutorialTests.xctest; sourceTree = BUILT_PRODUCTS_DIR; };
		EBAEE72020C8499B00876A10 /* ONVICamera_TVOS_Example.app */ = {isa = PBXFileReference; explicitFileType = wrapper.application; includeInIndex = 0; path = ONVICamera_TVOS_Example.app; sourceTree = BUILT_PRODUCTS_DIR; };
		EBAEE72220C8499B00876A10 /* AppDelegate.swift */ = {isa = PBXFileReference; lastKnownFileType = sourcecode.swift; path = AppDelegate.swift; sourceTree = "<group>"; };
		EBAEE72720C8499B00876A10 /* Base */ = {isa = PBXFileReference; lastKnownFileType = file.storyboard; name = Base; path = Base.lproj/Main.storyboard; sourceTree = "<group>"; };
		EBAEE72920C8499D00876A10 /* Assets.xcassets */ = {isa = PBXFileReference; lastKnownFileType = folder.assetcatalog; path = Assets.xcassets; sourceTree = "<group>"; };
		EBAEE72B20C8499D00876A10 /* Info.plist */ = {isa = PBXFileReference; lastKnownFileType = text.plist.xml; path = Info.plist; sourceTree = "<group>"; };
		EBAEE73020C8499D00876A10 /* ONVICamera_TVOS_ExampleTests.xctest */ = {isa = PBXFileReference; explicitFileType = wrapper.cfbundle; includeInIndex = 0; path = ONVICamera_TVOS_ExampleTests.xctest; sourceTree = BUILT_PRODUCTS_DIR; };
		EFCFAEB797DF6AED28A7E26B /* Pods-ONVIFCamera_Example.release.xcconfig */ = {isa = PBXFileReference; includeInIndex = 1; lastKnownFileType = text.xcconfig; name = "Pods-ONVIFCamera_Example.release.xcconfig"; path = "Pods/Target Support Files/Pods-ONVIFCamera_Example/Pods-ONVIFCamera_Example.release.xcconfig"; sourceTree = "<group>"; };
/* End PBXFileReference section */

/* Begin PBXFrameworksBuildPhase section */
		607FACCD1AFB9204008FA782 /* Frameworks */ = {
			isa = PBXFrameworksBuildPhase;
			buildActionMask = 2147483647;
			files = (
				30A2B0239BFE62803AE21029 /* Pods_ONVIFCamera_Example.framework in Frameworks */,
			);
			runOnlyForDeploymentPostprocessing = 0;
		};
		607FACE21AFB9204008FA782 /* Frameworks */ = {
			isa = PBXFrameworksBuildPhase;
			buildActionMask = 2147483647;
			files = (
				D9002F67FD5F1FE265BDFB48 /* Pods_ONVIFCamera_Tests.framework in Frameworks */,
			);
			runOnlyForDeploymentPostprocessing = 0;
		};
		EBAEE6FC20C8495900876A10 /* Frameworks */ = {
			isa = PBXFrameworksBuildPhase;
			buildActionMask = 2147483647;
			files = (
			);
			runOnlyForDeploymentPostprocessing = 0;
		};
		EBAEE70C20C8495B00876A10 /* Frameworks */ = {
			isa = PBXFrameworksBuildPhase;
			buildActionMask = 2147483647;
			files = (
			);
			runOnlyForDeploymentPostprocessing = 0;
		};
		EBAEE71D20C8499B00876A10 /* Frameworks */ = {
			isa = PBXFrameworksBuildPhase;
			buildActionMask = 2147483647;
			files = (
				A344EAE62934845AF93B9D1B /* Pods_ONVICamera_TVOS_Example.framework in Frameworks */,
			);
			runOnlyForDeploymentPostprocessing = 0;
		};
		EBAEE72D20C8499D00876A10 /* Frameworks */ = {
			isa = PBXFrameworksBuildPhase;
			buildActionMask = 2147483647;
			files = (
			);
			runOnlyForDeploymentPostprocessing = 0;
		};
/* End PBXFrameworksBuildPhase section */

/* Begin PBXGroup section */
		607FACC71AFB9204008FA782 = {
			isa = PBXGroup;
			children = (
				607FACF51AFB993E008FA782 /* Podspec Metadata */,
				607FACD21AFB9204008FA782 /* Example for ONVIFCamera */,
				607FACE81AFB9204008FA782 /* Tests */,
				EBAEE72120C8499B00876A10 /* ONVICamera_TVOS_Example */,
				607FACD11AFB9204008FA782 /* Products */,
				B7AF4613EB10EEDC0F8F5931 /* Pods */,
				C5207B39AF3D56DD9DE9D7E5 /* Frameworks */,
			);
			sourceTree = "<group>";
		};
		607FACD11AFB9204008FA782 /* Products */ = {
			isa = PBXGroup;
			children = (
				607FACD01AFB9204008FA782 /* ONVIFCamera_Example.app */,
				607FACE51AFB9204008FA782 /* ONVIFCamera_Tests.xctest */,
				EBAEE6FF20C8495900876A10 /* tvos.tutorial.app */,
				EBAEE70F20C8495B00876A10 /* tvos.tutorialTests.xctest */,
				EBAEE72020C8499B00876A10 /* ONVICamera_TVOS_Example.app */,
				EBAEE73020C8499D00876A10 /* ONVICamera_TVOS_ExampleTests.xctest */,
			);
			name = Products;
			sourceTree = "<group>";
		};
		607FACD21AFB9204008FA782 /* Example for ONVIFCamera */ = {
			isa = PBXGroup;
			children = (
				607FACD51AFB9204008FA782 /* AppDelegate.swift */,
				607FACD71AFB9204008FA782 /* FormViewController.swift */,
				AD84E1BD200F69B400D4785F /* StreamViewController.swift */,
				607FACD91AFB9204008FA782 /* Main.storyboard */,
				AD84E1BF200F73DF00D4785F /* ONVIFCamera_Example-Bridging-Header.h */,
				AD84E1C3200F741D00D4785F /* forVLCLink.mm */,
				ADDB0369200FD279004D0083 /* Config.swift */,
				EB695C2E20CA8D7E004817B8 /* UIView+AlertExtension.swift */,
				607FACDC1AFB9204008FA782 /* Images.xcassets */,
				607FACDE1AFB9204008FA782 /* LaunchScreen.xib */,
				607FACD31AFB9204008FA782 /* Supporting Files */,
			);
			name = "Example for ONVIFCamera";
			path = ONVIFCamera;
			sourceTree = "<group>";
		};
		607FACD31AFB9204008FA782 /* Supporting Files */ = {
			isa = PBXGroup;
			children = (
				607FACD41AFB9204008FA782 /* Info.plist */,
			);
			name = "Supporting Files";
			sourceTree = "<group>";
		};
		607FACE81AFB9204008FA782 /* Tests */ = {
			isa = PBXGroup;
			children = (
				607FACEB1AFB9204008FA782 /* Tests.swift */,
				607FACE91AFB9204008FA782 /* Supporting Files */,
			);
			path = Tests;
			sourceTree = "<group>";
		};
		607FACE91AFB9204008FA782 /* Supporting Files */ = {
			isa = PBXGroup;
			children = (
				607FACEA1AFB9204008FA782 /* Info.plist */,
			);
			name = "Supporting Files";
			sourceTree = "<group>";
		};
		607FACF51AFB993E008FA782 /* Podspec Metadata */ = {
			isa = PBXGroup;
			children = (
				C86266DC7D8C231B6A81E3C3 /* ONVIFCamera.podspec */,
				0FC8F6C61A554AA1B6284B86 /* README.md */,
				C97A55F13607BB34A40FCC3E /* LICENSE */,
			);
			name = "Podspec Metadata";
			sourceTree = "<group>";
		};
		B7AF4613EB10EEDC0F8F5931 /* Pods */ = {
			isa = PBXGroup;
			children = (
				3407D67737188173A1531498 /* Pods-ONVIFCamera_Example.debug.xcconfig */,
				EFCFAEB797DF6AED28A7E26B /* Pods-ONVIFCamera_Example.release.xcconfig */,
				C4E8399FE90470FB3750A422 /* Pods-ONVIFCamera_Tests.debug.xcconfig */,
				8BD1ACE73DBAB5416E945EB9 /* Pods-ONVIFCamera_Tests.release.xcconfig */,
				B033E7F424E969D622685463 /* Pods-ONVICamera_TVOS_Example.debug.xcconfig */,
				53349712891A66C719C4FBA3 /* Pods-ONVICamera_TVOS_Example.release.xcconfig */,
			);
			name = Pods;
			sourceTree = "<group>";
		};
		C5207B39AF3D56DD9DE9D7E5 /* Frameworks */ = {
			isa = PBXGroup;
			children = (
				C40478609C81258C03D93B41 /* Pods_ONVIFCamera_Example.framework */,
				4EF851550C169EF5E9BFAB94 /* Pods_ONVIFCamera_Tests.framework */,
				23F3C59C165C0BFFEB671A81 /* Pods_ONVICamera_TVOS_Example.framework */,
			);
			name = Frameworks;
			sourceTree = "<group>";
		};
		EBAEE72120C8499B00876A10 /* ONVICamera_TVOS_Example */ = {
			isa = PBXGroup;
			children = (
				EBAEE72220C8499B00876A10 /* AppDelegate.swift */,
				EBAEE72620C8499B00876A10 /* Main.storyboard */,
				EBAEE72920C8499D00876A10 /* Assets.xcassets */,
				EBAEE72B20C8499D00876A10 /* Info.plist */,
				EB94441E20C9237A009B24B5 /* ONVICamera_TVOS_Example-Bridging-Header.h */,
			);
			path = ONVICamera_TVOS_Example;
			sourceTree = "<group>";
		};
/* End PBXGroup section */

/* Begin PBXNativeTarget section */
		607FACCF1AFB9204008FA782 /* ONVIFCamera_Example */ = {
			isa = PBXNativeTarget;
			buildConfigurationList = 607FACEF1AFB9204008FA782 /* Build configuration list for PBXNativeTarget "ONVIFCamera_Example" */;
			buildPhases = (
				3D1948B4BAED9D899C3F2E41 /* [CP] Check Pods Manifest.lock */,
				607FACCC1AFB9204008FA782 /* Sources */,
				607FACCD1AFB9204008FA782 /* Frameworks */,
				607FACCE1AFB9204008FA782 /* Resources */,
				5810823CC125BABFE788D4C3 /* [CP] Embed Pods Frameworks */,
			);
			buildRules = (
			);
			dependencies = (
			);
			name = ONVIFCamera_Example;
			productName = ONVIFCamera;
			productReference = 607FACD01AFB9204008FA782 /* ONVIFCamera_Example.app */;
			productType = "com.apple.product-type.application";
		};
		607FACE41AFB9204008FA782 /* ONVIFCamera_Tests */ = {
			isa = PBXNativeTarget;
			buildConfigurationList = 607FACF21AFB9204008FA782 /* Build configuration list for PBXNativeTarget "ONVIFCamera_Tests" */;
			buildPhases = (
				A6498FD5EAD8AC0FAC75E351 /* [CP] Check Pods Manifest.lock */,
				607FACE11AFB9204008FA782 /* Sources */,
				607FACE21AFB9204008FA782 /* Frameworks */,
				607FACE31AFB9204008FA782 /* Resources */,
			);
			buildRules = (
			);
			dependencies = (
				607FACE71AFB9204008FA782 /* PBXTargetDependency */,
			);
			name = ONVIFCamera_Tests;
			productName = Tests;
			productReference = 607FACE51AFB9204008FA782 /* ONVIFCamera_Tests.xctest */;
			productType = "com.apple.product-type.bundle.unit-test";
		};
		EBAEE6FE20C8495900876A10 /* tvos.tutorial */ = {
			isa = PBXNativeTarget;
			buildConfigurationList = EBAEE71A20C8495B00876A10 /* Build configuration list for PBXNativeTarget "tvos.tutorial" */;
			buildPhases = (
				EBAEE6FB20C8495900876A10 /* Sources */,
				EBAEE6FC20C8495900876A10 /* Frameworks */,
				EBAEE6FD20C8495900876A10 /* Resources */,
			);
			buildRules = (
			);
			dependencies = (
			);
			name = tvos.tutorial;
			productName = tvos.tutorial;
			productReference = EBAEE6FF20C8495900876A10 /* tvos.tutorial.app */;
			productType = "com.apple.product-type.application";
		};
		EBAEE70E20C8495B00876A10 /* tvos.tutorialTests */ = {
			isa = PBXNativeTarget;
			buildConfigurationList = EBAEE71B20C8495B00876A10 /* Build configuration list for PBXNativeTarget "tvos.tutorialTests" */;
			buildPhases = (
				EBAEE70B20C8495B00876A10 /* Sources */,
				EBAEE70C20C8495B00876A10 /* Frameworks */,
				EBAEE70D20C8495B00876A10 /* Resources */,
			);
			buildRules = (
			);
			dependencies = (
				EBAEE71120C8495B00876A10 /* PBXTargetDependency */,
			);
			name = tvos.tutorialTests;
			productName = tvos.tutorialTests;
			productReference = EBAEE70F20C8495B00876A10 /* tvos.tutorialTests.xctest */;
			productType = "com.apple.product-type.bundle.unit-test";
		};
		EBAEE71F20C8499B00876A10 /* ONVICamera_TVOS_Example */ = {
			isa = PBXNativeTarget;
			buildConfigurationList = EBAEE73720C8499D00876A10 /* Build configuration list for PBXNativeTarget "ONVICamera_TVOS_Example" */;
			buildPhases = (
				9F64B2D7C9FB60AD57FFB0D6 /* [CP] Check Pods Manifest.lock */,
				EBAEE71C20C8499B00876A10 /* Sources */,
				EBAEE71D20C8499B00876A10 /* Frameworks */,
				EBAEE71E20C8499B00876A10 /* Resources */,
				F104410E8A57A58D92A2A7A9 /* [CP] Embed Pods Frameworks */,
			);
			buildRules = (
			);
			dependencies = (
			);
			name = ONVICamera_TVOS_Example;
			productName = ONVICamera_TVOS_Example;
			productReference = EBAEE72020C8499B00876A10 /* ONVICamera_TVOS_Example.app */;
			productType = "com.apple.product-type.application";
		};
		EBAEE72F20C8499D00876A10 /* ONVICamera_TVOS_ExampleTests */ = {
			isa = PBXNativeTarget;
			buildConfigurationList = EBAEE73A20C8499D00876A10 /* Build configuration list for PBXNativeTarget "ONVICamera_TVOS_ExampleTests" */;
			buildPhases = (
				EBAEE72C20C8499D00876A10 /* Sources */,
				EBAEE72D20C8499D00876A10 /* Frameworks */,
				EBAEE72E20C8499D00876A10 /* Resources */,
			);
			buildRules = (
			);
			dependencies = (
				EBAEE73220C8499D00876A10 /* PBXTargetDependency */,
			);
			name = ONVICamera_TVOS_ExampleTests;
			productName = ONVICamera_TVOS_ExampleTests;
			productReference = EBAEE73020C8499D00876A10 /* ONVICamera_TVOS_ExampleTests.xctest */;
			productType = "com.apple.product-type.bundle.unit-test";
		};
/* End PBXNativeTarget section */

/* Begin PBXProject section */
		607FACC81AFB9204008FA782 /* Project object */ = {
			isa = PBXProject;
			attributes = {
				LastSwiftUpdateCheck = 1000;
				LastUpgradeCheck = 0940;
				ORGANIZATIONNAME = CocoaPods;
				TargetAttributes = {
					607FACCF1AFB9204008FA782 = {
						CreatedOnToolsVersion = 6.3.1;
						DevelopmentTeam = 442ERJC2S7;
						LastSwiftMigration = 0920;
					};
					607FACE41AFB9204008FA782 = {
						CreatedOnToolsVersion = 6.3.1;
						DevelopmentTeam = 442ERJC2S7;
						LastSwiftMigration = 0900;
						TestTargetID = 607FACCF1AFB9204008FA782;
					};
					EBAEE6FE20C8495900876A10 = {
						CreatedOnToolsVersion = 10.0;
						DevelopmentTeam = 863647XUVV;
						ProvisioningStyle = Automatic;
					};
					EBAEE70E20C8495B00876A10 = {
						CreatedOnToolsVersion = 10.0;
						DevelopmentTeam = 863647XUVV;
						ProvisioningStyle = Automatic;
						TestTargetID = EBAEE6FE20C8495900876A10;
					};
					EBAEE71F20C8499B00876A10 = {
						CreatedOnToolsVersion = 10.0;
						DevelopmentTeam = 863647XUVV;
						LastSwiftMigration = 0940;
						ProvisioningStyle = Automatic;
					};
					EBAEE72F20C8499D00876A10 = {
						CreatedOnToolsVersion = 10.0;
						DevelopmentTeam = 863647XUVV;
						ProvisioningStyle = Automatic;
						TestTargetID = EBAEE71F20C8499B00876A10;
					};
				};
			};
			buildConfigurationList = 607FACCB1AFB9204008FA782 /* Build configuration list for PBXProject "ONVIFCamera" */;
			compatibilityVersion = "Xcode 3.2";
			developmentRegion = English;
			hasScannedForEncodings = 0;
			knownRegions = (
				en,
				Base,
			);
			mainGroup = 607FACC71AFB9204008FA782;
			productRefGroup = 607FACD11AFB9204008FA782 /* Products */;
			projectDirPath = "";
			projectRoot = "";
			targets = (
				607FACCF1AFB9204008FA782 /* ONVIFCamera_Example */,
				607FACE41AFB9204008FA782 /* ONVIFCamera_Tests */,
				EBAEE6FE20C8495900876A10 /* tvos.tutorial */,
				EBAEE70E20C8495B00876A10 /* tvos.tutorialTests */,
				EBAEE71F20C8499B00876A10 /* ONVICamera_TVOS_Example */,
				EBAEE72F20C8499D00876A10 /* ONVICamera_TVOS_ExampleTests */,
			);
		};
/* End PBXProject section */

/* Begin PBXResourcesBuildPhase section */
		607FACCE1AFB9204008FA782 /* Resources */ = {
			isa = PBXResourcesBuildPhase;
			buildActionMask = 2147483647;
			files = (
				607FACDB1AFB9204008FA782 /* Main.storyboard in Resources */,
				607FACE01AFB9204008FA782 /* LaunchScreen.xib in Resources */,
				607FACDD1AFB9204008FA782 /* Images.xcassets in Resources */,
			);
			runOnlyForDeploymentPostprocessing = 0;
		};
		607FACE31AFB9204008FA782 /* Resources */ = {
			isa = PBXResourcesBuildPhase;
			buildActionMask = 2147483647;
			files = (
			);
			runOnlyForDeploymentPostprocessing = 0;
		};
		EBAEE6FD20C8495900876A10 /* Resources */ = {
			isa = PBXResourcesBuildPhase;
			buildActionMask = 2147483647;
			files = (
			);
			runOnlyForDeploymentPostprocessing = 0;
		};
		EBAEE70D20C8495B00876A10 /* Resources */ = {
			isa = PBXResourcesBuildPhase;
			buildActionMask = 2147483647;
			files = (
			);
			runOnlyForDeploymentPostprocessing = 0;
		};
		EBAEE71E20C8499B00876A10 /* Resources */ = {
			isa = PBXResourcesBuildPhase;
			buildActionMask = 2147483647;
			files = (
				EBAEE72A20C8499D00876A10 /* Assets.xcassets in Resources */,
				EBAEE72820C8499B00876A10 /* Main.storyboard in Resources */,
			);
			runOnlyForDeploymentPostprocessing = 0;
		};
		EBAEE72E20C8499D00876A10 /* Resources */ = {
			isa = PBXResourcesBuildPhase;
			buildActionMask = 2147483647;
			files = (
			);
			runOnlyForDeploymentPostprocessing = 0;
		};
/* End PBXResourcesBuildPhase section */

/* Begin PBXShellScriptBuildPhase section */
		3D1948B4BAED9D899C3F2E41 /* [CP] Check Pods Manifest.lock */ = {
			isa = PBXShellScriptBuildPhase;
			buildActionMask = 2147483647;
			files = (
			);
			inputPaths = (
				"${PODS_PODFILE_DIR_PATH}/Podfile.lock",
				"${PODS_ROOT}/Manifest.lock",
			);
			name = "[CP] Check Pods Manifest.lock";
			outputPaths = (
				"$(DERIVED_FILE_DIR)/Pods-ONVIFCamera_Example-checkManifestLockResult.txt",
			);
			runOnlyForDeploymentPostprocessing = 0;
			shellPath = /bin/sh;
			shellScript = "diff \"${PODS_PODFILE_DIR_PATH}/Podfile.lock\" \"${PODS_ROOT}/Manifest.lock\" > /dev/null\nif [ $? != 0 ] ; then\n    # print error to STDERR\n    echo \"error: The sandbox is not in sync with the Podfile.lock. Run 'pod install' or update your CocoaPods installation.\" >&2\n    exit 1\nfi\n# This output is used by Xcode 'outputs' to avoid re-running this script phase.\necho \"SUCCESS\" > \"${SCRIPT_OUTPUT_FILE_0}\"\n";
			showEnvVarsInLog = 0;
		};
		5810823CC125BABFE788D4C3 /* [CP] Embed Pods Frameworks */ = {
			isa = PBXShellScriptBuildPhase;
			buildActionMask = 2147483647;
			files = (
			);
			inputPaths = (
				"${SRCROOT}/Pods/Target Support Files/Pods-ONVIFCamera_Example/Pods-ONVIFCamera_Example-frameworks.sh",
				"${BUILT_PRODUCTS_DIR}/ONVIFCamera/ONVIFCamera.framework",
			);
			name = "[CP] Embed Pods Frameworks";
			outputPaths = (
				"${TARGET_BUILD_DIR}/${FRAMEWORKS_FOLDER_PATH}/ONVIFCamera.framework",
			);
			runOnlyForDeploymentPostprocessing = 0;
			shellPath = /bin/sh;
			shellScript = "\"${SRCROOT}/Pods/Target Support Files/Pods-ONVIFCamera_Example/Pods-ONVIFCamera_Example-frameworks.sh\"\n";
			showEnvVarsInLog = 0;
		};
		9F64B2D7C9FB60AD57FFB0D6 /* [CP] Check Pods Manifest.lock */ = {
			isa = PBXShellScriptBuildPhase;
			buildActionMask = 2147483647;
			files = (
			);
			inputPaths = (
				"${PODS_PODFILE_DIR_PATH}/Podfile.lock",
				"${PODS_ROOT}/Manifest.lock",
			);
			name = "[CP] Check Pods Manifest.lock";
			outputPaths = (
				"$(DERIVED_FILE_DIR)/Pods-ONVICamera_TVOS_Example-checkManifestLockResult.txt",
			);
			runOnlyForDeploymentPostprocessing = 0;
			shellPath = /bin/sh;
			shellScript = "diff \"${PODS_PODFILE_DIR_PATH}/Podfile.lock\" \"${PODS_ROOT}/Manifest.lock\" > /dev/null\nif [ $? != 0 ] ; then\n    # print error to STDERR\n    echo \"error: The sandbox is not in sync with the Podfile.lock. Run 'pod install' or update your CocoaPods installation.\" >&2\n    exit 1\nfi\n# This output is used by Xcode 'outputs' to avoid re-running this script phase.\necho \"SUCCESS\" > \"${SCRIPT_OUTPUT_FILE_0}\"\n";
			showEnvVarsInLog = 0;
		};
		A6498FD5EAD8AC0FAC75E351 /* [CP] Check Pods Manifest.lock */ = {
			isa = PBXShellScriptBuildPhase;
			buildActionMask = 2147483647;
			files = (
			);
			inputPaths = (
				"${PODS_PODFILE_DIR_PATH}/Podfile.lock",
				"${PODS_ROOT}/Manifest.lock",
			);
			name = "[CP] Check Pods Manifest.lock";
			outputPaths = (
				"$(DERIVED_FILE_DIR)/Pods-ONVIFCamera_Tests-checkManifestLockResult.txt",
			);
			runOnlyForDeploymentPostprocessing = 0;
			shellPath = /bin/sh;
			shellScript = "diff \"${PODS_PODFILE_DIR_PATH}/Podfile.lock\" \"${PODS_ROOT}/Manifest.lock\" > /dev/null\nif [ $? != 0 ] ; then\n    # print error to STDERR\n    echo \"error: The sandbox is not in sync with the Podfile.lock. Run 'pod install' or update your CocoaPods installation.\" >&2\n    exit 1\nfi\n# This output is used by Xcode 'outputs' to avoid re-running this script phase.\necho \"SUCCESS\" > \"${SCRIPT_OUTPUT_FILE_0}\"\n";
			showEnvVarsInLog = 0;
		};
		F104410E8A57A58D92A2A7A9 /* [CP] Embed Pods Frameworks */ = {
			isa = PBXShellScriptBuildPhase;
			buildActionMask = 2147483647;
			files = (
			);
			inputPaths = (
				"${SRCROOT}/Pods/Target Support Files/Pods-ONVICamera_TVOS_Example/Pods-ONVICamera_TVOS_Example-frameworks.sh",
				"${BUILT_PRODUCTS_DIR}/ONVIFCameraTVOS/ONVIFCameraTVOS.framework",
			);
			name = "[CP] Embed Pods Frameworks";
			outputPaths = (
				"${TARGET_BUILD_DIR}/${FRAMEWORKS_FOLDER_PATH}/ONVIFCameraTVOS.framework",
			);
			runOnlyForDeploymentPostprocessing = 0;
			shellPath = /bin/sh;
			shellScript = "\"${SRCROOT}/Pods/Target Support Files/Pods-ONVICamera_TVOS_Example/Pods-ONVICamera_TVOS_Example-frameworks.sh\"\n";
			showEnvVarsInLog = 0;
		};
/* End PBXShellScriptBuildPhase section */

/* Begin PBXSourcesBuildPhase section */
		607FACCC1AFB9204008FA782 /* Sources */ = {
			isa = PBXSourcesBuildPhase;
			buildActionMask = 2147483647;
			files = (
				607FACD81AFB9204008FA782 /* FormViewController.swift in Sources */,
				EB695C2F20CA8D7E004817B8 /* UIView+AlertExtension.swift in Sources */,
				AD84E1C4200F741D00D4785F /* forVLCLink.mm in Sources */,
				ADDB036A200FD279004D0083 /* Config.swift in Sources */,
				607FACD61AFB9204008FA782 /* AppDelegate.swift in Sources */,
				AD84E1BE200F69B400D4785F /* StreamViewController.swift in Sources */,
			);
			runOnlyForDeploymentPostprocessing = 0;
		};
		607FACE11AFB9204008FA782 /* Sources */ = {
			isa = PBXSourcesBuildPhase;
			buildActionMask = 2147483647;
			files = (
				607FACEC1AFB9204008FA782 /* Tests.swift in Sources */,
			);
			runOnlyForDeploymentPostprocessing = 0;
		};
		EBAEE6FB20C8495900876A10 /* Sources */ = {
			isa = PBXSourcesBuildPhase;
			buildActionMask = 2147483647;
			files = (
			);
			runOnlyForDeploymentPostprocessing = 0;
		};
		EBAEE70B20C8495B00876A10 /* Sources */ = {
			isa = PBXSourcesBuildPhase;
			buildActionMask = 2147483647;
			files = (
			);
			runOnlyForDeploymentPostprocessing = 0;
		};
		EBAEE71C20C8499B00876A10 /* Sources */ = {
			isa = PBXSourcesBuildPhase;
			buildActionMask = 2147483647;
			files = (
				EB94442320C923CD009B24B5 /* StreamViewController.swift in Sources */,
				EBAEE73D20C8F85D00876A10 /* FormViewController.swift in Sources */,
				EB94442420C92419009B24B5 /* Config.swift in Sources */,
				EB695C3020CA8D7E004817B8 /* UIView+AlertExtension.swift in Sources */,
				EBAEE72320C8499B00876A10 /* AppDelegate.swift in Sources */,
			);
			runOnlyForDeploymentPostprocessing = 0;
		};
		EBAEE72C20C8499D00876A10 /* Sources */ = {
			isa = PBXSourcesBuildPhase;
			buildActionMask = 2147483647;
			files = (
			);
			runOnlyForDeploymentPostprocessing = 0;
		};
/* End PBXSourcesBuildPhase section */

/* Begin PBXTargetDependency section */
		607FACE71AFB9204008FA782 /* PBXTargetDependency */ = {
			isa = PBXTargetDependency;
			target = 607FACCF1AFB9204008FA782 /* ONVIFCamera_Example */;
			targetProxy = 607FACE61AFB9204008FA782 /* PBXContainerItemProxy */;
		};
		EBAEE71120C8495B00876A10 /* PBXTargetDependency */ = {
			isa = PBXTargetDependency;
			target = EBAEE6FE20C8495900876A10 /* tvos.tutorial */;
			targetProxy = EBAEE71020C8495B00876A10 /* PBXContainerItemProxy */;
		};
		EBAEE73220C8499D00876A10 /* PBXTargetDependency */ = {
			isa = PBXTargetDependency;
			target = EBAEE71F20C8499B00876A10 /* ONVICamera_TVOS_Example */;
			targetProxy = EBAEE73120C8499D00876A10 /* PBXContainerItemProxy */;
		};
/* End PBXTargetDependency section */

/* Begin PBXVariantGroup section */
		607FACD91AFB9204008FA782 /* Main.storyboard */ = {
			isa = PBXVariantGroup;
			children = (
				607FACDA1AFB9204008FA782 /* Base */,
			);
			name = Main.storyboard;
			sourceTree = "<group>";
		};
		607FACDE1AFB9204008FA782 /* LaunchScreen.xib */ = {
			isa = PBXVariantGroup;
			children = (
				607FACDF1AFB9204008FA782 /* Base */,
			);
			name = LaunchScreen.xib;
			sourceTree = "<group>";
		};
		EBAEE72620C8499B00876A10 /* Main.storyboard */ = {
			isa = PBXVariantGroup;
			children = (
				EBAEE72720C8499B00876A10 /* Base */,
			);
			name = Main.storyboard;
			sourceTree = "<group>";
		};
/* End PBXVariantGroup section */

/* Begin XCBuildConfiguration section */
		607FACED1AFB9204008FA782 /* Debug */ = {
			isa = XCBuildConfiguration;
			buildSettings = {
				ALWAYS_SEARCH_USER_PATHS = NO;
				CLANG_CXX_LANGUAGE_STANDARD = "gnu++0x";
				CLANG_CXX_LIBRARY = "libc++";
				CLANG_ENABLE_MODULES = YES;
				CLANG_ENABLE_OBJC_ARC = YES;
				CLANG_WARN_BLOCK_CAPTURE_AUTORELEASING = YES;
				CLANG_WARN_BOOL_CONVERSION = YES;
				CLANG_WARN_COMMA = YES;
				CLANG_WARN_CONSTANT_CONVERSION = YES;
				CLANG_WARN_DEPRECATED_OBJC_IMPLEMENTATIONS = YES;
				CLANG_WARN_DIRECT_OBJC_ISA_USAGE = YES_ERROR;
				CLANG_WARN_EMPTY_BODY = YES;
				CLANG_WARN_ENUM_CONVERSION = YES;
				CLANG_WARN_INFINITE_RECURSION = YES;
				CLANG_WARN_INT_CONVERSION = YES;
				CLANG_WARN_NON_LITERAL_NULL_CONVERSION = YES;
				CLANG_WARN_OBJC_IMPLICIT_RETAIN_SELF = YES;
				CLANG_WARN_OBJC_LITERAL_CONVERSION = YES;
				CLANG_WARN_OBJC_ROOT_CLASS = YES_ERROR;
				CLANG_WARN_RANGE_LOOP_ANALYSIS = YES;
				CLANG_WARN_STRICT_PROTOTYPES = YES;
				CLANG_WARN_SUSPICIOUS_MOVE = YES;
				CLANG_WARN_UNREACHABLE_CODE = YES;
				CLANG_WARN__DUPLICATE_METHOD_MATCH = YES;
				"CODE_SIGN_IDENTITY[sdk=iphoneos*]" = "iPhone Developer";
				COPY_PHASE_STRIP = NO;
				DEBUG_INFORMATION_FORMAT = "dwarf-with-dsym";
				ENABLE_STRICT_OBJC_MSGSEND = YES;
				ENABLE_TESTABILITY = YES;
				GCC_C_LANGUAGE_STANDARD = gnu99;
				GCC_DYNAMIC_NO_PIC = NO;
				GCC_NO_COMMON_BLOCKS = YES;
				GCC_OPTIMIZATION_LEVEL = 0;
				GCC_PREPROCESSOR_DEFINITIONS = (
					"DEBUG=1",
					"$(inherited)",
				);
				GCC_SYMBOLS_PRIVATE_EXTERN = NO;
				GCC_WARN_64_TO_32_BIT_CONVERSION = YES;
				GCC_WARN_ABOUT_RETURN_TYPE = YES_ERROR;
				GCC_WARN_UNDECLARED_SELECTOR = YES;
				GCC_WARN_UNINITIALIZED_AUTOS = YES_AGGRESSIVE;
				GCC_WARN_UNUSED_FUNCTION = YES;
				GCC_WARN_UNUSED_VARIABLE = YES;
				IPHONEOS_DEPLOYMENT_TARGET = 9.3;
				MTL_ENABLE_DEBUG_INFO = YES;
				ONLY_ACTIVE_ARCH = YES;
				SDKROOT = iphoneos;
				SWIFT_OPTIMIZATION_LEVEL = "-Onone";
			};
			name = Debug;
		};
		607FACEE1AFB9204008FA782 /* Release */ = {
			isa = XCBuildConfiguration;
			buildSettings = {
				ALWAYS_SEARCH_USER_PATHS = NO;
				CLANG_CXX_LANGUAGE_STANDARD = "gnu++0x";
				CLANG_CXX_LIBRARY = "libc++";
				CLANG_ENABLE_MODULES = YES;
				CLANG_ENABLE_OBJC_ARC = YES;
				CLANG_WARN_BLOCK_CAPTURE_AUTORELEASING = YES;
				CLANG_WARN_BOOL_CONVERSION = YES;
				CLANG_WARN_COMMA = YES;
				CLANG_WARN_CONSTANT_CONVERSION = YES;
				CLANG_WARN_DEPRECATED_OBJC_IMPLEMENTATIONS = YES;
				CLANG_WARN_DIRECT_OBJC_ISA_USAGE = YES_ERROR;
				CLANG_WARN_EMPTY_BODY = YES;
				CLANG_WARN_ENUM_CONVERSION = YES;
				CLANG_WARN_INFINITE_RECURSION = YES;
				CLANG_WARN_INT_CONVERSION = YES;
				CLANG_WARN_NON_LITERAL_NULL_CONVERSION = YES;
				CLANG_WARN_OBJC_IMPLICIT_RETAIN_SELF = YES;
				CLANG_WARN_OBJC_LITERAL_CONVERSION = YES;
				CLANG_WARN_OBJC_ROOT_CLASS = YES_ERROR;
				CLANG_WARN_RANGE_LOOP_ANALYSIS = YES;
				CLANG_WARN_STRICT_PROTOTYPES = YES;
				CLANG_WARN_SUSPICIOUS_MOVE = YES;
				CLANG_WARN_UNREACHABLE_CODE = YES;
				CLANG_WARN__DUPLICATE_METHOD_MATCH = YES;
				"CODE_SIGN_IDENTITY[sdk=iphoneos*]" = "iPhone Developer";
				COPY_PHASE_STRIP = NO;
				DEBUG_INFORMATION_FORMAT = "dwarf-with-dsym";
				ENABLE_NS_ASSERTIONS = NO;
				ENABLE_STRICT_OBJC_MSGSEND = YES;
				GCC_C_LANGUAGE_STANDARD = gnu99;
				GCC_NO_COMMON_BLOCKS = YES;
				GCC_WARN_64_TO_32_BIT_CONVERSION = YES;
				GCC_WARN_ABOUT_RETURN_TYPE = YES_ERROR;
				GCC_WARN_UNDECLARED_SELECTOR = YES;
				GCC_WARN_UNINITIALIZED_AUTOS = YES_AGGRESSIVE;
				GCC_WARN_UNUSED_FUNCTION = YES;
				GCC_WARN_UNUSED_VARIABLE = YES;
				IPHONEOS_DEPLOYMENT_TARGET = 9.3;
				MTL_ENABLE_DEBUG_INFO = NO;
				SDKROOT = iphoneos;
				SWIFT_OPTIMIZATION_LEVEL = "-Owholemodule";
				VALIDATE_PRODUCT = YES;
			};
			name = Release;
		};
		607FACF01AFB9204008FA782 /* Debug */ = {
			isa = XCBuildConfiguration;
			baseConfigurationReference = 3407D67737188173A1531498 /* Pods-ONVIFCamera_Example.debug.xcconfig */;
			buildSettings = {
				ASSETCATALOG_COMPILER_APPICON_NAME = AppIcon;
				CLANG_ENABLE_MODULES = YES;
				DEVELOPMENT_TEAM = 442ERJC2S7;
				ENABLE_BITCODE = NO;
				INFOPLIST_FILE = ONVIFCamera/Info.plist;
				LD_RUNPATH_SEARCH_PATHS = "$(inherited) @executable_path/Frameworks";
				MODULE_NAME = ExampleApp;
				PRODUCT_BUNDLE_IDENTIFIER = com.onvif.tutorial;
				PRODUCT_NAME = "$(TARGET_NAME)";
				SWIFT_OBJC_BRIDGING_HEADER = "ONVIFCamera/ONVIFCamera_Example-Bridging-Header.h";
				SWIFT_OPTIMIZATION_LEVEL = "-Onone";
				SWIFT_SWIFT3_OBJC_INFERENCE = Default;
				SWIFT_VERSION = 4.0;
			};
			name = Debug;
		};
		607FACF11AFB9204008FA782 /* Release */ = {
			isa = XCBuildConfiguration;
			baseConfigurationReference = EFCFAEB797DF6AED28A7E26B /* Pods-ONVIFCamera_Example.release.xcconfig */;
			buildSettings = {
				ASSETCATALOG_COMPILER_APPICON_NAME = AppIcon;
				CLANG_ENABLE_MODULES = YES;
				DEVELOPMENT_TEAM = 442ERJC2S7;
				ENABLE_BITCODE = NO;
				INFOPLIST_FILE = ONVIFCamera/Info.plist;
				LD_RUNPATH_SEARCH_PATHS = "$(inherited) @executable_path/Frameworks";
				MODULE_NAME = ExampleApp;
				PRODUCT_BUNDLE_IDENTIFIER = com.onvif.tutorial;
				PRODUCT_NAME = "$(TARGET_NAME)";
				SWIFT_OBJC_BRIDGING_HEADER = "ONVIFCamera/ONVIFCamera_Example-Bridging-Header.h";
				SWIFT_SWIFT3_OBJC_INFERENCE = Default;
				SWIFT_VERSION = 4.0;
			};
			name = Release;
		};
		607FACF31AFB9204008FA782 /* Debug */ = {
			isa = XCBuildConfiguration;
			baseConfigurationReference = C4E8399FE90470FB3750A422 /* Pods-ONVIFCamera_Tests.debug.xcconfig */;
			buildSettings = {
				DEVELOPMENT_TEAM = 442ERJC2S7;
				FRAMEWORK_SEARCH_PATHS = (
					"$(SDKROOT)/Developer/Library/Frameworks",
					"$(inherited)",
				);
				GCC_PREPROCESSOR_DEFINITIONS = (
					"DEBUG=1",
					"$(inherited)",
				);
				INFOPLIST_FILE = Tests/Info.plist;
				LD_RUNPATH_SEARCH_PATHS = "$(inherited) @executable_path/Frameworks @loader_path/Frameworks";
				PRODUCT_BUNDLE_IDENTIFIER = "org.cocoapods.$(PRODUCT_NAME:rfc1034identifier)";
				PRODUCT_NAME = "$(TARGET_NAME)";
				SWIFT_SWIFT3_OBJC_INFERENCE = Default;
				SWIFT_VERSION = 4.0;
			};
			name = Debug;
		};
		607FACF41AFB9204008FA782 /* Release */ = {
			isa = XCBuildConfiguration;
			baseConfigurationReference = 8BD1ACE73DBAB5416E945EB9 /* Pods-ONVIFCamera_Tests.release.xcconfig */;
			buildSettings = {
				DEVELOPMENT_TEAM = 442ERJC2S7;
				FRAMEWORK_SEARCH_PATHS = (
					"$(SDKROOT)/Developer/Library/Frameworks",
					"$(inherited)",
				);
				INFOPLIST_FILE = Tests/Info.plist;
				LD_RUNPATH_SEARCH_PATHS = "$(inherited) @executable_path/Frameworks @loader_path/Frameworks";
				PRODUCT_BUNDLE_IDENTIFIER = "org.cocoapods.$(PRODUCT_NAME:rfc1034identifier)";
				PRODUCT_NAME = "$(TARGET_NAME)";
				SWIFT_SWIFT3_OBJC_INFERENCE = Default;
				SWIFT_VERSION = 4.0;
			};
			name = Release;
		};
		EBAEE71620C8495B00876A10 /* Debug */ = {
			isa = XCBuildConfiguration;
			buildSettings = {
				ASSETCATALOG_COMPILER_APPICON_NAME = "App Icon & Top Shelf Image";
				ASSETCATALOG_COMPILER_LAUNCHIMAGE_NAME = LaunchImage;
				CLANG_ANALYZER_NONNULL = YES;
				CLANG_ANALYZER_NUMBER_OBJECT_CONVERSION = YES_AGGRESSIVE;
				CLANG_CXX_LANGUAGE_STANDARD = "gnu++14";
				CLANG_ENABLE_OBJC_WEAK = YES;
				CLANG_WARN_DEPRECATED_OBJC_IMPLEMENTATIONS = YES;
				CLANG_WARN_DOCUMENTATION_COMMENTS = YES;
				CLANG_WARN_OBJC_IMPLICIT_RETAIN_SELF = YES;
				CLANG_WARN_UNGUARDED_AVAILABILITY = YES_AGGRESSIVE;
				CODE_SIGN_STYLE = Automatic;
				DEBUG_INFORMATION_FORMAT = dwarf;
				DEVELOPMENT_TEAM = 863647XUVV;
				GCC_C_LANGUAGE_STANDARD = gnu11;
				INFOPLIST_FILE = tvos.tutorial/Info.plist;
				LD_RUNPATH_SEARCH_PATHS = "$(inherited) @executable_path/Frameworks";
				MTL_ENABLE_DEBUG_INFO = INCLUDE_SOURCE;
				PRODUCT_BUNDLE_IDENTIFIER = "com.onvif.tvos-tutorial";
				PRODUCT_NAME = "$(TARGET_NAME)";
				SDKROOT = appletvos;
				SWIFT_ACTIVE_COMPILATION_CONDITIONS = DEBUG;
				SWIFT_VERSION = 4.2;
				TARGETED_DEVICE_FAMILY = 3;
				TVOS_DEPLOYMENT_TARGET = 10.0;
			};
			name = Debug;
		};
		EBAEE71720C8495B00876A10 /* Release */ = {
			isa = XCBuildConfiguration;
			buildSettings = {
				ASSETCATALOG_COMPILER_APPICON_NAME = "App Icon & Top Shelf Image";
				ASSETCATALOG_COMPILER_LAUNCHIMAGE_NAME = LaunchImage;
				CLANG_ANALYZER_NONNULL = YES;
				CLANG_ANALYZER_NUMBER_OBJECT_CONVERSION = YES_AGGRESSIVE;
				CLANG_CXX_LANGUAGE_STANDARD = "gnu++14";
				CLANG_ENABLE_OBJC_WEAK = YES;
				CLANG_WARN_DEPRECATED_OBJC_IMPLEMENTATIONS = YES;
				CLANG_WARN_DOCUMENTATION_COMMENTS = YES;
				CLANG_WARN_OBJC_IMPLICIT_RETAIN_SELF = YES;
				CLANG_WARN_UNGUARDED_AVAILABILITY = YES_AGGRESSIVE;
				CODE_SIGN_STYLE = Automatic;
				DEVELOPMENT_TEAM = 863647XUVV;
				GCC_C_LANGUAGE_STANDARD = gnu11;
				INFOPLIST_FILE = tvos.tutorial/Info.plist;
				LD_RUNPATH_SEARCH_PATHS = "$(inherited) @executable_path/Frameworks";
				PRODUCT_BUNDLE_IDENTIFIER = "com.onvif.tvos-tutorial";
				PRODUCT_NAME = "$(TARGET_NAME)";
				SDKROOT = appletvos;
				SWIFT_VERSION = 4.2;
				TARGETED_DEVICE_FAMILY = 3;
				TVOS_DEPLOYMENT_TARGET = 10.0;
			};
			name = Release;
		};
		EBAEE71820C8495B00876A10 /* Debug */ = {
			isa = XCBuildConfiguration;
			buildSettings = {
				BUNDLE_LOADER = "$(TEST_HOST)";
				CLANG_ANALYZER_NONNULL = YES;
				CLANG_ANALYZER_NUMBER_OBJECT_CONVERSION = YES_AGGRESSIVE;
				CLANG_CXX_LANGUAGE_STANDARD = "gnu++14";
				CLANG_ENABLE_OBJC_WEAK = YES;
				CLANG_WARN_DEPRECATED_OBJC_IMPLEMENTATIONS = YES;
				CLANG_WARN_DOCUMENTATION_COMMENTS = YES;
				CLANG_WARN_OBJC_IMPLICIT_RETAIN_SELF = YES;
				CLANG_WARN_UNGUARDED_AVAILABILITY = YES_AGGRESSIVE;
				CODE_SIGN_STYLE = Automatic;
				DEBUG_INFORMATION_FORMAT = dwarf;
				DEVELOPMENT_TEAM = 863647XUVV;
				GCC_C_LANGUAGE_STANDARD = gnu11;
				INFOPLIST_FILE = tvos.tutorialTests/Info.plist;
				LD_RUNPATH_SEARCH_PATHS = "$(inherited) @executable_path/Frameworks @loader_path/Frameworks";
				MTL_ENABLE_DEBUG_INFO = INCLUDE_SOURCE;
				PRODUCT_BUNDLE_IDENTIFIER = "com.onvif.tvos-tutorialTests";
				PRODUCT_NAME = "$(TARGET_NAME)";
				SDKROOT = appletvos;
				SWIFT_ACTIVE_COMPILATION_CONDITIONS = DEBUG;
				SWIFT_VERSION = 4.2;
				TARGETED_DEVICE_FAMILY = 3;
				TEST_HOST = "$(BUILT_PRODUCTS_DIR)/tvos.tutorial.app/tvos.tutorial";
				TVOS_DEPLOYMENT_TARGET = 11.4;
			};
			name = Debug;
		};
		EBAEE71920C8495B00876A10 /* Release */ = {
			isa = XCBuildConfiguration;
			buildSettings = {
				BUNDLE_LOADER = "$(TEST_HOST)";
				CLANG_ANALYZER_NONNULL = YES;
				CLANG_ANALYZER_NUMBER_OBJECT_CONVERSION = YES_AGGRESSIVE;
				CLANG_CXX_LANGUAGE_STANDARD = "gnu++14";
				CLANG_ENABLE_OBJC_WEAK = YES;
				CLANG_WARN_DEPRECATED_OBJC_IMPLEMENTATIONS = YES;
				CLANG_WARN_DOCUMENTATION_COMMENTS = YES;
				CLANG_WARN_OBJC_IMPLICIT_RETAIN_SELF = YES;
				CLANG_WARN_UNGUARDED_AVAILABILITY = YES_AGGRESSIVE;
				CODE_SIGN_STYLE = Automatic;
				DEVELOPMENT_TEAM = 863647XUVV;
				GCC_C_LANGUAGE_STANDARD = gnu11;
				INFOPLIST_FILE = tvos.tutorialTests/Info.plist;
				LD_RUNPATH_SEARCH_PATHS = "$(inherited) @executable_path/Frameworks @loader_path/Frameworks";
				PRODUCT_BUNDLE_IDENTIFIER = "com.onvif.tvos-tutorialTests";
				PRODUCT_NAME = "$(TARGET_NAME)";
				SDKROOT = appletvos;
				SWIFT_VERSION = 4.2;
				TARGETED_DEVICE_FAMILY = 3;
				TEST_HOST = "$(BUILT_PRODUCTS_DIR)/tvos.tutorial.app/tvos.tutorial";
				TVOS_DEPLOYMENT_TARGET = 11.4;
			};
			name = Release;
		};
		EBAEE73820C8499D00876A10 /* Debug */ = {
			isa = XCBuildConfiguration;
			baseConfigurationReference = B033E7F424E969D622685463 /* Pods-ONVICamera_TVOS_Example.debug.xcconfig */;
			buildSettings = {
				ASSETCATALOG_COMPILER_APPICON_NAME = "App Icon & Top Shelf Image";
				ASSETCATALOG_COMPILER_LAUNCHIMAGE_NAME = LaunchImage;
				CLANG_ANALYZER_NONNULL = YES;
				CLANG_ANALYZER_NUMBER_OBJECT_CONVERSION = YES_AGGRESSIVE;
				CLANG_CXX_LANGUAGE_STANDARD = "gnu++14";
				CLANG_ENABLE_MODULES = YES;
				CLANG_ENABLE_OBJC_WEAK = YES;
				CLANG_WARN_DEPRECATED_OBJC_IMPLEMENTATIONS = YES;
				CLANG_WARN_DOCUMENTATION_COMMENTS = YES;
				CLANG_WARN_OBJC_IMPLICIT_RETAIN_SELF = YES;
				CLANG_WARN_UNGUARDED_AVAILABILITY = YES_AGGRESSIVE;
				CODE_SIGN_STYLE = Automatic;
				DEBUG_INFORMATION_FORMAT = dwarf;
				DEVELOPMENT_TEAM = 863647XUVV;
				GCC_C_LANGUAGE_STANDARD = gnu11;
				INFOPLIST_FILE = ONVICamera_TVOS_Example/Info.plist;
				LD_RUNPATH_SEARCH_PATHS = "$(inherited) @executable_path/Frameworks";
				MTL_ENABLE_DEBUG_INFO = INCLUDE_SOURCE;
				PRODUCT_BUNDLE_IDENTIFIER = "com.onvif.ONVICamera-TVOS-Example";
				PRODUCT_NAME = "$(TARGET_NAME)";
				SDKROOT = appletvos;
				SWIFT_ACTIVE_COMPILATION_CONDITIONS = DEBUG;
				SWIFT_OBJC_BRIDGING_HEADER = "ONVICamera_TVOS_Example/ONVICamera_TVOS_Example-Bridging-Header.h";
				SWIFT_OPTIMIZATION_LEVEL = "-Onone";
				SWIFT_VERSION = 4.2;
				TARGETED_DEVICE_FAMILY = 3;
				TVOS_DEPLOYMENT_TARGET = 11.0;
			};
			name = Debug;
		};
		EBAEE73920C8499D00876A10 /* Release */ = {
			isa = XCBuildConfiguration;
			baseConfigurationReference = 53349712891A66C719C4FBA3 /* Pods-ONVICamera_TVOS_Example.release.xcconfig */;
			buildSettings = {
				ASSETCATALOG_COMPILER_APPICON_NAME = "App Icon & Top Shelf Image";
				ASSETCATALOG_COMPILER_LAUNCHIMAGE_NAME = LaunchImage;
				CLANG_ANALYZER_NONNULL = YES;
				CLANG_ANALYZER_NUMBER_OBJECT_CONVERSION = YES_AGGRESSIVE;
				CLANG_CXX_LANGUAGE_STANDARD = "gnu++14";
				CLANG_ENABLE_MODULES = YES;
				CLANG_ENABLE_OBJC_WEAK = YES;
				CLANG_WARN_DEPRECATED_OBJC_IMPLEMENTATIONS = YES;
				CLANG_WARN_DOCUMENTATION_COMMENTS = YES;
				CLANG_WARN_OBJC_IMPLICIT_RETAIN_SELF = YES;
				CLANG_WARN_UNGUARDED_AVAILABILITY = YES_AGGRESSIVE;
				CODE_SIGN_STYLE = Automatic;
				DEVELOPMENT_TEAM = 863647XUVV;
				GCC_C_LANGUAGE_STANDARD = gnu11;
				INFOPLIST_FILE = ONVICamera_TVOS_Example/Info.plist;
				LD_RUNPATH_SEARCH_PATHS = "$(inherited) @executable_path/Frameworks";
				PRODUCT_BUNDLE_IDENTIFIER = "com.onvif.ONVICamera-TVOS-Example";
				PRODUCT_NAME = "$(TARGET_NAME)";
				SDKROOT = appletvos;
				SWIFT_OBJC_BRIDGING_HEADER = "ONVICamera_TVOS_Example/ONVICamera_TVOS_Example-Bridging-Header.h";
				SWIFT_VERSION = 4.2;
				TARGETED_DEVICE_FAMILY = 3;
				TVOS_DEPLOYMENT_TARGET = 11.0;
			};
			name = Release;
		};
		EBAEE73B20C8499D00876A10 /* Debug */ = {
			isa = XCBuildConfiguration;
			buildSettings = {
				ALWAYS_EMBED_SWIFT_STANDARD_LIBRARIES = YES;
				BUNDLE_LOADER = "$(TEST_HOST)";
				CLANG_ANALYZER_NONNULL = YES;
				CLANG_ANALYZER_NUMBER_OBJECT_CONVERSION = YES_AGGRESSIVE;
				CLANG_CXX_LANGUAGE_STANDARD = "gnu++14";
				CLANG_ENABLE_OBJC_WEAK = YES;
				CLANG_WARN_DEPRECATED_OBJC_IMPLEMENTATIONS = YES;
				CLANG_WARN_DOCUMENTATION_COMMENTS = YES;
				CLANG_WARN_OBJC_IMPLICIT_RETAIN_SELF = YES;
				CLANG_WARN_UNGUARDED_AVAILABILITY = YES_AGGRESSIVE;
				CODE_SIGN_STYLE = Automatic;
				DEBUG_INFORMATION_FORMAT = dwarf;
				DEVELOPMENT_TEAM = 863647XUVV;
				GCC_C_LANGUAGE_STANDARD = gnu11;
				INFOPLIST_FILE = ONVICamera_TVOS_ExampleTests/Info.plist;
				LD_RUNPATH_SEARCH_PATHS = "$(inherited) @executable_path/Frameworks @loader_path/Frameworks";
				MTL_ENABLE_DEBUG_INFO = INCLUDE_SOURCE;
				PRODUCT_BUNDLE_IDENTIFIER = "com.onvif.ONVICamera-TVOS-ExampleTests";
				PRODUCT_NAME = "$(TARGET_NAME)";
				SDKROOT = appletvos;
				SWIFT_ACTIVE_COMPILATION_CONDITIONS = DEBUG;
				SWIFT_VERSION = 4.2;
				TARGETED_DEVICE_FAMILY = 3;
				TEST_HOST = "$(BUILT_PRODUCTS_DIR)/ONVICamera_TVOS_Example.app/ONVICamera_TVOS_Example";
				TVOS_DEPLOYMENT_TARGET = 11.4;
			};
			name = Debug;
		};
		EBAEE73C20C8499D00876A10 /* Release */ = {
			isa = XCBuildConfiguration;
			buildSettings = {
				ALWAYS_EMBED_SWIFT_STANDARD_LIBRARIES = YES;
				BUNDLE_LOADER = "$(TEST_HOST)";
				CLANG_ANALYZER_NONNULL = YES;
				CLANG_ANALYZER_NUMBER_OBJECT_CONVERSION = YES_AGGRESSIVE;
				CLANG_CXX_LANGUAGE_STANDARD = "gnu++14";
				CLANG_ENABLE_OBJC_WEAK = YES;
				CLANG_WARN_DEPRECATED_OBJC_IMPLEMENTATIONS = YES;
				CLANG_WARN_DOCUMENTATION_COMMENTS = YES;
				CLANG_WARN_OBJC_IMPLICIT_RETAIN_SELF = YES;
				CLANG_WARN_UNGUARDED_AVAILABILITY = YES_AGGRESSIVE;
				CODE_SIGN_STYLE = Automatic;
				DEVELOPMENT_TEAM = 863647XUVV;
				GCC_C_LANGUAGE_STANDARD = gnu11;
				INFOPLIST_FILE = ONVICamera_TVOS_ExampleTests/Info.plist;
				LD_RUNPATH_SEARCH_PATHS = "$(inherited) @executable_path/Frameworks @loader_path/Frameworks";
				PRODUCT_BUNDLE_IDENTIFIER = "com.onvif.ONVICamera-TVOS-ExampleTests";
				PRODUCT_NAME = "$(TARGET_NAME)";
				SDKROOT = appletvos;
				SWIFT_VERSION = 4.2;
				TARGETED_DEVICE_FAMILY = 3;
				TEST_HOST = "$(BUILT_PRODUCTS_DIR)/ONVICamera_TVOS_Example.app/ONVICamera_TVOS_Example";
				TVOS_DEPLOYMENT_TARGET = 11.4;
			};
			name = Release;
		};
/* End XCBuildConfiguration section */

/* Begin XCConfigurationList section */
		607FACCB1AFB9204008FA782 /* Build configuration list for PBXProject "ONVIFCamera" */ = {
			isa = XCConfigurationList;
			buildConfigurations = (
				607FACED1AFB9204008FA782 /* Debug */,
				607FACEE1AFB9204008FA782 /* Release */,
			);
			defaultConfigurationIsVisible = 0;
			defaultConfigurationName = Release;
		};
		607FACEF1AFB9204008FA782 /* Build configuration list for PBXNativeTarget "ONVIFCamera_Example" */ = {
			isa = XCConfigurationList;
			buildConfigurations = (
				607FACF01AFB9204008FA782 /* Debug */,
				607FACF11AFB9204008FA782 /* Release */,
			);
			defaultConfigurationIsVisible = 0;
			defaultConfigurationName = Release;
		};
		607FACF21AFB9204008FA782 /* Build configuration list for PBXNativeTarget "ONVIFCamera_Tests" */ = {
			isa = XCConfigurationList;
			buildConfigurations = (
				607FACF31AFB9204008FA782 /* Debug */,
				607FACF41AFB9204008FA782 /* Release */,
			);
			defaultConfigurationIsVisible = 0;
			defaultConfigurationName = Release;
		};
		EBAEE71A20C8495B00876A10 /* Build configuration list for PBXNativeTarget "tvos.tutorial" */ = {
			isa = XCConfigurationList;
			buildConfigurations = (
				EBAEE71620C8495B00876A10 /* Debug */,
				EBAEE71720C8495B00876A10 /* Release */,
			);
			defaultConfigurationIsVisible = 0;
			defaultConfigurationName = Release;
		};
		EBAEE71B20C8495B00876A10 /* Build configuration list for PBXNativeTarget "tvos.tutorialTests" */ = {
			isa = XCConfigurationList;
			buildConfigurations = (
				EBAEE71820C8495B00876A10 /* Debug */,
				EBAEE71920C8495B00876A10 /* Release */,
			);
			defaultConfigurationIsVisible = 0;
			defaultConfigurationName = Release;
		};
		EBAEE73720C8499D00876A10 /* Build configuration list for PBXNativeTarget "ONVICamera_TVOS_Example" */ = {
			isa = XCConfigurationList;
			buildConfigurations = (
				EBAEE73820C8499D00876A10 /* Debug */,
				EBAEE73920C8499D00876A10 /* Release */,
			);
			defaultConfigurationIsVisible = 0;
			defaultConfigurationName = Release;
		};
		EBAEE73A20C8499D00876A10 /* Build configuration list for PBXNativeTarget "ONVICamera_TVOS_ExampleTests" */ = {
			isa = XCConfigurationList;
			buildConfigurations = (
				EBAEE73B20C8499D00876A10 /* Debug */,
				EBAEE73C20C8499D00876A10 /* Release */,
			);
			defaultConfigurationIsVisible = 0;
			defaultConfigurationName = Release;
		};
/* End XCConfigurationList section */
	};
	rootObject = 607FACC81AFB9204008FA782 /* Project object */;
}
